// !$*UTF8*$!
{
	archiveVersion = 1;
	classes = {
	};
	objectVersion = 46;
	objects = {

/* Begin PBXBuildFile section */
		A99F26AF1E2D089B00A14DE8 /* main.m in Sources */ = {isa = PBXBuildFile; fileRef = A99F26AE1E2D089B00A14DE8 /* main.m */; };
		A99F26B21E2D089B00A14DE8 /* AppDelegate.m in Sources */ = {isa = PBXBuildFile; fileRef = A99F26B11E2D089B00A14DE8 /* AppDelegate.m */; };
		A99F26B51E2D089B00A14DE8 /* ViewController.m in Sources */ = {isa = PBXBuildFile; fileRef = A99F26B41E2D089B00A14DE8 /* ViewController.m */; };
		A99F26B81E2D089B00A14DE8 /* Main.storyboard in Resources */ = {isa = PBXBuildFile; fileRef = A99F26B61E2D089B00A14DE8 /* Main.storyboard */; };
		A99F26BA1E2D089B00A14DE8 /* Assets.xcassets in Resources */ = {isa = PBXBuildFile; fileRef = A99F26B91E2D089B00A14DE8 /* Assets.xcassets */; };
		A99F26BD1E2D089B00A14DE8 /* LaunchScreen.storyboard in Resources */ = {isa = PBXBuildFile; fileRef = A99F26BB1E2D089B00A14DE8 /* LaunchScreen.storyboard */; };
		A99F26CF1E2D223A00A14DE8 /* AudioEngine.m in Sources */ = {isa = PBXBuildFile; fileRef = A99F26C61E2D223A00A14DE8 /* AudioEngine.m */; };
		A99F26D01E2D223A00A14DE8 /* PianoToneEngine.m in Sources */ = {isa = PBXBuildFile; fileRef = A99F26C81E2D223A00A14DE8 /* PianoToneEngine.m */; };
		A99F26D21E2D223A00A14DE8 /* PureToneEngine.m in Sources */ = {isa = PBXBuildFile; fileRef = A99F26CC1E2D223A00A14DE8 /* PureToneEngine.m */; };
		A99F26D31E2D223A00A14DE8 /* RichToneEngine.m in Sources */ = {isa = PBXBuildFile; fileRef = A99F26CE1E2D223A00A14DE8 /* RichToneEngine.m */; };
/* End PBXBuildFile section */

/* Begin PBXFileReference section */
		A99F26AA1E2D089B00A14DE8 /* SoundProjectDemo.app */ = {isa = PBXFileReference; explicitFileType = wrapper.application; includeInIndex = 0; path = SoundProjectDemo.app; sourceTree = BUILT_PRODUCTS_DIR; };
		A99F26AE1E2D089B00A14DE8 /* main.m */ = {isa = PBXFileReference; lastKnownFileType = sourcecode.c.objc; path = main.m; sourceTree = "<group>"; };
		A99F26B01E2D089B00A14DE8 /* AppDelegate.h */ = {isa = PBXFileReference; lastKnownFileType = sourcecode.c.h; path = AppDelegate.h; sourceTree = "<group>"; };
		A99F26B11E2D089B00A14DE8 /* AppDelegate.m */ = {isa = PBXFileReference; lastKnownFileType = sourcecode.c.objc; path = AppDelegate.m; sourceTree = "<group>"; };
		A99F26B31E2D089B00A14DE8 /* ViewController.h */ = {isa = PBXFileReference; lastKnownFileType = sourcecode.c.h; path = ViewController.h; sourceTree = "<group>"; };
		A99F26B41E2D089B00A14DE8 /* ViewController.m */ = {isa = PBXFileReference; lastKnownFileType = sourcecode.c.objc; path = ViewController.m; sourceTree = "<group>"; };
		A99F26B71E2D089B00A14DE8 /* Base */ = {isa = PBXFileReference; lastKnownFileType = file.storyboard; name = Base; path = Base.lproj/Main.storyboard; sourceTree = "<group>"; };
		A99F26B91E2D089B00A14DE8 /* Assets.xcassets */ = {isa = PBXFileReference; lastKnownFileType = folder.assetcatalog; path = Assets.xcassets; sourceTree = "<group>"; };
		A99F26BC1E2D089B00A14DE8 /* Base */ = {isa = PBXFileReference; lastKnownFileType = file.storyboard; name = Base; path = Base.lproj/LaunchScreen.storyboard; sourceTree = "<group>"; };
		A99F26BE1E2D089B00A14DE8 /* Info.plist */ = {isa = PBXFileReference; lastKnownFileType = text.plist.xml; path = Info.plist; sourceTree = "<group>"; };
		A99F26C51E2D223A00A14DE8 /* AudioEngine.h */ = {isa = PBXFileReference; fileEncoding = 4; lastKnownFileType = sourcecode.c.h; path = AudioEngine.h; sourceTree = "<group>"; };
		A99F26C61E2D223A00A14DE8 /* AudioEngine.m */ = {isa = PBXFileReference; fileEncoding = 4; lastKnownFileType = sourcecode.c.objc; path = AudioEngine.m; sourceTree = "<group>"; };
		A99F26C71E2D223A00A14DE8 /* PianoToneEngine.h */ = {isa = PBXFileReference; fileEncoding = 4; lastKnownFileType = sourcecode.c.h; path = PianoToneEngine.h; sourceTree = "<group>"; };
		A99F26C81E2D223A00A14DE8 /* PianoToneEngine.m */ = {isa = PBXFileReference; fileEncoding = 4; lastKnownFileType = sourcecode.c.objc; path = PianoToneEngine.m; sourceTree = "<group>"; };
		A99F26CB1E2D223A00A14DE8 /* PureToneEngine.h */ = {isa = PBXFileReference; fileEncoding = 4; lastKnownFileType = sourcecode.c.h; path = PureToneEngine.h; sourceTree = "<group>"; };
		A99F26CC1E2D223A00A14DE8 /* PureToneEngine.m */ = {isa = PBXFileReference; fileEncoding = 4; lastKnownFileType = sourcecode.c.objc; path = PureToneEngine.m; sourceTree = "<group>"; };
		A99F26CD1E2D223A00A14DE8 /* RichToneEngine.h */ = {isa = PBXFileReference; fileEncoding = 4; lastKnownFileType = sourcecode.c.h; path = RichToneEngine.h; sourceTree = "<group>"; };
		A99F26CE1E2D223A00A14DE8 /* RichToneEngine.m */ = {isa = PBXFileReference; fileEncoding = 4; lastKnownFileType = sourcecode.c.objc; path = RichToneEngine.m; sourceTree = "<group>"; };
		A99F26D41E2D22AA00A14DE8 /* PrefixHeader.pch */ = {isa = PBXFileReference; lastKnownFileType = sourcecode.c.h; path = PrefixHeader.pch; sourceTree = "<group>"; };
/* End PBXFileReference section */

/* Begin PBXFrameworksBuildPhase section */
		A99F26A71E2D089B00A14DE8 /* Frameworks */ = {
			isa = PBXFrameworksBuildPhase;
			buildActionMask = 2147483647;
			files = (
			);
			runOnlyForDeploymentPostprocessing = 0;
		};
/* End PBXFrameworksBuildPhase section */

/* Begin PBXGroup section */
		A99F26A11E2D089B00A14DE8 = {
			isa = PBXGroup;
			children = (
				A99F26AC1E2D089B00A14DE8 /* SoundProjectDemo */,
				A99F26AB1E2D089B00A14DE8 /* Products */,
			);
			sourceTree = "<group>";
		};
		A99F26AB1E2D089B00A14DE8 /* Products */ = {
			isa = PBXGroup;
			children = (
				A99F26AA1E2D089B00A14DE8 /* SoundProjectDemo.app */,
			);
			name = Products;
			sourceTree = "<group>";
		};
		A99F26AC1E2D089B00A14DE8 /* SoundProjectDemo */ = {
			isa = PBXGroup;
			children = (
				A99F26C41E2D223A00A14DE8 /* AudioEngine */,
				A99F26B01E2D089B00A14DE8 /* AppDelegate.h */,
				A99F26B11E2D089B00A14DE8 /* AppDelegate.m */,
				A99F26B31E2D089B00A14DE8 /* ViewController.h */,
				A99F26B41E2D089B00A14DE8 /* ViewController.m */,
				A99F26B61E2D089B00A14DE8 /* Main.storyboard */,
				A99F26B91E2D089B00A14DE8 /* Assets.xcassets */,
				A99F26BB1E2D089B00A14DE8 /* LaunchScreen.storyboard */,
				A99F26BE1E2D089B00A14DE8 /* Info.plist */,
				A99F26AD1E2D089B00A14DE8 /* Supporting Files */,
			);
			path = SoundProjectDemo;
			sourceTree = "<group>";
		};
		A99F26AD1E2D089B00A14DE8 /* Supporting Files */ = {
			isa = PBXGroup;
			children = (
				A99F26AE1E2D089B00A14DE8 /* main.m */,
				A99F26D41E2D22AA00A14DE8 /* PrefixHeader.pch */,
			);
			name = "Supporting Files";
			sourceTree = "<group>";
		};
		A99F26C41E2D223A00A14DE8 /* AudioEngine */ = {
			isa = PBXGroup;
			children = (
				A99F26C51E2D223A00A14DE8 /* AudioEngine.h */,
				A99F26C61E2D223A00A14DE8 /* AudioEngine.m */,
				A99F26C71E2D223A00A14DE8 /* PianoToneEngine.h */,
				A99F26C81E2D223A00A14DE8 /* PianoToneEngine.m */,
				A99F26CB1E2D223A00A14DE8 /* PureToneEngine.h */,
				A99F26CC1E2D223A00A14DE8 /* PureToneEngine.m */,
				A99F26CD1E2D223A00A14DE8 /* RichToneEngine.h */,
				A99F26CE1E2D223A00A14DE8 /* RichToneEngine.m */,
			);
			path = AudioEngine;
			sourceTree = "<group>";
		};
/* End PBXGroup section */

/* Begin PBXNativeTarget section */
		A99F26A91E2D089B00A14DE8 /* SoundProjectDemo */ = {
			isa = PBXNativeTarget;
			buildConfigurationList = A99F26C11E2D089B00A14DE8 /* Build configuration list for PBXNativeTarget "SoundProjectDemo" */;
			buildPhases = (
				A99F26A61E2D089B00A14DE8 /* Sources */,
				A99F26A71E2D089B00A14DE8 /* Frameworks */,
				A99F26A81E2D089B00A14DE8 /* Resources */,
			);
			buildRules = (
			);
			dependencies = (
			);
			name = SoundProjectDemo;
			productName = SoundProjectDemo;
			productReference = A99F26AA1E2D089B00A14DE8 /* SoundProjectDemo.app */;
			productType = "com.apple.product-type.application";
		};
/* End PBXNativeTarget section */

/* Begin PBXProject section */
		A99F26A21E2D089B00A14DE8 /* Project object */ = {
			isa = PBXProject;
			attributes = {
				LastUpgradeCheck = 0820;
				ORGANIZATIONNAME = BEN;
				TargetAttributes = {
					A99F26A91E2D089B00A14DE8 = {
						CreatedOnToolsVersion = 8.2.1;
						ProvisioningStyle = Automatic;
					};
				};
			};
			buildConfigurationList = A99F26A51E2D089B00A14DE8 /* Build configuration list for PBXProject "SoundProjectDemo" */;
			compatibilityVersion = "Xcode 3.2";
			developmentRegion = English;
			hasScannedForEncodings = 0;
			knownRegions = (
				en,
				Base,
			);
			mainGroup = A99F26A11E2D089B00A14DE8;
			productRefGroup = A99F26AB1E2D089B00A14DE8 /* Products */;
			projectDirPath = "";
			projectRoot = "";
			targets = (
				A99F26A91E2D089B00A14DE8 /* SoundProjectDemo */,
			);
		};
/* End PBXProject section */

/* Begin PBXResourcesBuildPhase section */
		A99F26A81E2D089B00A14DE8 /* Resources */ = {
			isa = PBXResourcesBuildPhase;
			buildActionMask = 2147483647;
			files = (
				A99F26BD1E2D089B00A14DE8 /* LaunchScreen.storyboard in Resources */,
				A99F26BA1E2D089B00A14DE8 /* Assets.xcassets in Resources */,
				A99F26B81E2D089B00A14DE8 /* Main.storyboard in Resources */,
			);
			runOnlyForDeploymentPostprocessing = 0;
		};
/* End PBXResourcesBuildPhase section */

/* Begin PBXSourcesBuildPhase section */
		A99F26A61E2D089B00A14DE8 /* Sources */ = {
			isa = PBXSourcesBuildPhase;
			buildActionMask = 2147483647;
			files = (
				A99F26D21E2D223A00A14DE8 /* PureToneEngine.m in Sources */,
				A99F26CF1E2D223A00A14DE8 /* AudioEngine.m in Sources */,
				A99F26B51E2D089B00A14DE8 /* ViewController.m in Sources */,
				A99F26D01E2D223A00A14DE8 /* PianoToneEngine.m in Sources */,
				A99F26D31E2D223A00A14DE8 /* RichToneEngine.m in Sources */,
				A99F26B21E2D089B00A14DE8 /* AppDelegate.m in Sources */,
				A99F26AF1E2D089B00A14DE8 /* main.m in Sources */,
			);
			runOnlyForDeploymentPostprocessing = 0;
		};
/* End PBXSourcesBuildPhase section */

/* Begin PBXVariantGroup section */
		A99F26B61E2D089B00A14DE8 /* Main.storyboard */ = {
			isa = PBXVariantGroup;
			children = (
				A99F26B71E2D089B00A14DE8 /* Base */,
			);
			name = Main.storyboard;
			sourceTree = "<group>";
		};
		A99F26BB1E2D089B00A14DE8 /* LaunchScreen.storyboard */ = {
			isa = PBXVariantGroup;
			children = (
				A99F26BC1E2D089B00A14DE8 /* Base */,
			);
			name = LaunchScreen.storyboard;
			sourceTree = "<group>";
		};
/* End PBXVariantGroup section */

/* Begin XCBuildConfiguration section */
		A99F26BF1E2D089B00A14DE8 /* Debug */ = {
			isa = XCBuildConfiguration;
			buildSettings = {
				ALWAYS_SEARCH_USER_PATHS = NO;
				CLANG_ANALYZER_NONNULL = YES;
				CLANG_CXX_LANGUAGE_STANDARD = "gnu++0x";
				CLANG_CXX_LIBRARY = "libc++";
				CLANG_ENABLE_MODULES = YES;
				CLANG_ENABLE_OBJC_ARC = YES;
				CLANG_WARN_BOOL_CONVERSION = YES;
				CLANG_WARN_CONSTANT_CONVERSION = YES;
				CLANG_WARN_DIRECT_OBJC_ISA_USAGE = YES_ERROR;
				CLANG_WARN_DOCUMENTATION_COMMENTS = YES;
				CLANG_WARN_EMPTY_BODY = YES;
				CLANG_WARN_ENUM_CONVERSION = YES;
				CLANG_WARN_INFINITE_RECURSION = YES;
				CLANG_WARN_INT_CONVERSION = YES;
				CLANG_WARN_OBJC_ROOT_CLASS = YES_ERROR;
				CLANG_WARN_SUSPICIOUS_MOVE = YES;
				CLANG_WARN_UNREACHABLE_CODE = YES;
				CLANG_WARN__DUPLICATE_METHOD_MATCH = YES;
				"CODE_SIGN_IDENTITY[sdk=iphoneos*]" = "iPhone Developer";
				COPY_PHASE_STRIP = NO;
				DEBUG_INFORMATION_FORMAT = dwarf;
				ENABLE_STRICT_OBJC_MSGSEND = YES;
				ENABLE_TESTABILITY = YES;
				GCC_C_LANGUAGE_STANDARD = gnu99;
				GCC_DYNAMIC_NO_PIC = NO;
				GCC_NO_COMMON_BLOCKS = YES;
				GCC_OPTIMIZATION_LEVEL = 0;
				GCC_PREPROCESSOR_DEFINITIONS = (
					"DEBUG=1",
					"$(inherited)",
				);
				GCC_WARN_64_TO_32_BIT_CONVERSION = YES;
				GCC_WARN_ABOUT_RETURN_TYPE = YES_ERROR;
				GCC_WARN_UNDECLARED_SELECTOR = YES;
				GCC_WARN_UNINITIALIZED_AUTOS = YES_AGGRESSIVE;
				GCC_WARN_UNUSED_FUNCTION = YES;
				GCC_WARN_UNUSED_VARIABLE = YES;
				IPHONEOS_DEPLOYMENT_TARGET = 10.2;
				MTL_ENABLE_DEBUG_INFO = YES;
				ONLY_ACTIVE_ARCH = YES;
				SDKROOT = iphoneos;
			};
			name = Debug;
		};
		A99F26C01E2D089B00A14DE8 /* Release */ = {
			isa = XCBuildConfiguration;
			buildSettings = {
				ALWAYS_SEARCH_USER_PATHS = NO;
				CLANG_ANALYZER_NONNULL = YES;
				CLANG_CXX_LANGUAGE_STANDARD = "gnu++0x";
				CLANG_CXX_LIBRARY = "libc++";
				CLANG_ENABLE_MODULES = YES;
				CLANG_ENABLE_OBJC_ARC = YES;
				CLANG_WARN_BOOL_CONVERSION = YES;
				CLANG_WARN_CONSTANT_CONVERSION = YES;
				CLANG_WARN_DIRECT_OBJC_ISA_USAGE = YES_ERROR;
				CLANG_WARN_DOCUMENTATION_COMMENTS = YES;
				CLANG_WARN_EMPTY_BODY = YES;
				CLANG_WARN_ENUM_CONVERSION = YES;
				CLANG_WARN_INFINITE_RECURSION = YES;
				CLANG_WARN_INT_CONVERSION = YES;
				CLANG_WARN_OBJC_ROOT_CLASS = YES_ERROR;
				CLANG_WARN_SUSPICIOUS_MOVE = YES;
				CLANG_WARN_UNREACHABLE_CODE = YES;
				CLANG_WARN__DUPLICATE_METHOD_MATCH = YES;
				"CODE_SIGN_IDENTITY[sdk=iphoneos*]" = "iPhone Developer";
				COPY_PHASE_STRIP = NO;
				DEBUG_INFORMATION_FORMAT = "dwarf-with-dsym";
				ENABLE_NS_ASSERTIONS = NO;
				ENABLE_STRICT_OBJC_MSGSEND = YES;
				GCC_C_LANGUAGE_STANDARD = gnu99;
				GCC_NO_COMMON_BLOCKS = YES;
				GCC_WARN_64_TO_32_BIT_CONVERSION = YES;
				GCC_WARN_ABOUT_RETURN_TYPE = YES_ERROR;
				GCC_WARN_UNDECLARED_SELECTOR = YES;
				GCC_WARN_UNINITIALIZED_AUTOS = YES_AGGRESSIVE;
				GCC_WARN_UNUSED_FUNCTION = YES;
				GCC_WARN_UNUSED_VARIABLE = YES;
				IPHONEOS_DEPLOYMENT_TARGET = 10.2;
				MTL_ENABLE_DEBUG_INFO = NO;
				SDKROOT = iphoneos;
				VALIDATE_PRODUCT = YES;
			};
			name = Release;
		};
		A99F26C21E2D089B00A14DE8 /* Debug */ = {
			isa = XCBuildConfiguration;
			buildSettings = {
				ASSETCATALOG_COMPILER_APPICON_NAME = AppIcon;
				INFOPLIST_FILE = SoundProjectDemo/Info.plist;
				LD_RUNPATH_SEARCH_PATHS = "$(inherited) @executable_path/Frameworks";
				PRODUCT_BUNDLE_IDENTIFIER = com.threebstudio.SoundProjectDemo;
				PRODUCT_NAME = "$(TARGET_NAME)";
			};
			name = Debug;
		};
		A99F26C31E2D089B00A14DE8 /* Release */ = {
			isa = XCBuildConfiguration;
			buildSettings = {
				ASSETCATALOG_COMPILER_APPICON_NAME = AppIcon;
				INFOPLIST_FILE = SoundProjectDemo/Info.plist;
				LD_RUNPATH_SEARCH_PATHS = "$(inherited) @executable_path/Frameworks";
				PRODUCT_BUNDLE_IDENTIFIER = com.threebstudio.SoundProjectDemo;
				PRODUCT_NAME = "$(TARGET_NAME)";
			};
			name = Release;
		};
/* End XCBuildConfiguration section */

/* Begin XCConfigurationList section */
		A99F26A51E2D089B00A14DE8 /* Build configuration list for PBXProject "SoundProjectDemo" */ = {
			isa = XCConfigurationList;
			buildConfigurations = (
				A99F26BF1E2D089B00A14DE8 /* Debug */,
				A99F26C01E2D089B00A14DE8 /* Release */,
			);
			defaultConfigurationIsVisible = 0;
			defaultConfigurationName = Release;
		};
		A99F26C11E2D089B00A14DE8 /* Build configuration list for PBXNativeTarget "SoundProjectDemo" */ = {
			isa = XCConfigurationList;
			buildConfigurations = (
				A99F26C21E2D089B00A14DE8 /* Debug */,
				A99F26C31E2D089B00A14DE8 /* Release */,
			);
			defaultConfigurationIsVisible = 0;
		};
/* End XCConfigurationList section */
	};
	rootObject = A99F26A21E2D089B00A14DE8 /* Project object */;
}
